// !$*UTF8*$!
{
	archiveVersion = 1;
	classes = {
	};
	objectVersion = 56;
	objects = {

/* Begin PBXBuildFile section */
		06477ABB2C4542F5006F4C79 /* Color.swift in Sources */ = {isa = PBXBuildFile; fileRef = 06477ABA2C4542F5006F4C79 /* Color.swift */; };
		06477ABF2C4548F6006F4C79 /* ForYouCard.swift in Sources */ = {isa = PBXBuildFile; fileRef = 06477ABE2C4548F6006F4C79 /* ForYouCard.swift */; };
		06477AC52C458023006F4C79 /* SelectBreedView.swift in Sources */ = {isa = PBXBuildFile; fileRef = 06477AC42C458023006F4C79 /* SelectBreedView.swift */; };
		06477AC72C4584C4006F4C79 /* SelectBreedCard.swift in Sources */ = {isa = PBXBuildFile; fileRef = 06477AC62C4584C4006F4C79 /* SelectBreedCard.swift */; };
		B4A4AA672C47683900F471E6 /* MedicalDocumentView.swift in Sources */ = {isa = PBXBuildFile; fileRef = B4A4AA652C47683900F471E6 /* MedicalDocumentView.swift */; };
		B4A4AA6F2C476A8A00F471E6 /* Dog.swift in Sources */ = {isa = PBXBuildFile; fileRef = B4A4AA6E2C476A8A00F471E6 /* Dog.swift */; };
		B4B5EE182C440D240035D40F /* ProfileView.swift in Sources */ = {isa = PBXBuildFile; fileRef = B4B5EE172C440D240035D40F /* ProfileView.swift */; };
		B4B5EE1C2C440FDE0035D40F /* DogsMateView.swift in Sources */ = {isa = PBXBuildFile; fileRef = B4B5EE1B2C440FDE0035D40F /* DogsMateView.swift */; };
		B4B5EE1E2C440FEF0035D40F /* ForYouView.swift in Sources */ = {isa = PBXBuildFile; fileRef = B4B5EE1D2C440FEF0035D40F /* ForYouView.swift */; };
		B4D297242C40DDD80075B940 /* MC3App.swift in Sources */ = {isa = PBXBuildFile; fileRef = B4D297232C40DDD80075B940 /* MC3App.swift */; };
		B4D297262C40DDD80075B940 /* ContentView.swift in Sources */ = {isa = PBXBuildFile; fileRef = B4D297252C40DDD80075B940 /* ContentView.swift */; };
		B4D297282C40DDD80075B940 /* Item.swift in Sources */ = {isa = PBXBuildFile; fileRef = B4D297272C40DDD80075B940 /* Item.swift */; };
		B4D2972A2C40DDD90075B940 /* Assets.xcassets in Resources */ = {isa = PBXBuildFile; fileRef = B4D297292C40DDD90075B940 /* Assets.xcassets */; };
		B4D2972D2C40DDD90075B940 /* Preview Assets.xcassets in Resources */ = {isa = PBXBuildFile; fileRef = B4D2972C2C40DDD90075B940 /* Preview Assets.xcassets */; };
		B4DBEE782C460E25002C5231 /* MedicalView.swift in Sources */ = {isa = PBXBuildFile; fileRef = B4DBEE772C460E25002C5231 /* MedicalView.swift */; };
		B4DBEE7A2C460E4D002C5231 /* AboutView.swift in Sources */ = {isa = PBXBuildFile; fileRef = B4DBEE792C460E4D002C5231 /* AboutView.swift */; };
		B4DBEE842C46509A002C5231 /* FlowLayout.swift in Sources */ = {isa = PBXBuildFile; fileRef = B4DBEE832C46509A002C5231 /* FlowLayout.swift */; };
		B4DBEE872C465275002C5231 /* Personality.swift in Sources */ = {isa = PBXBuildFile; fileRef = B4DBEE862C465275002C5231 /* Personality.swift */; };
/* End PBXBuildFile section */

/* Begin PBXFileReference section */
		06477ABA2C4542F5006F4C79 /* Color.swift */ = {isa = PBXFileReference; lastKnownFileType = sourcecode.swift; path = Color.swift; sourceTree = "<group>"; };
		06477ABE2C4548F6006F4C79 /* ForYouCard.swift */ = {isa = PBXFileReference; lastKnownFileType = sourcecode.swift; path = ForYouCard.swift; sourceTree = "<group>"; };
		06477AC12C455CC4006F4C79 /* Dog.swift */ = {isa = PBXFileReference; lastKnownFileType = sourcecode.swift; path = Dog.swift; sourceTree = "<group>"; };
		06477AC42C458023006F4C79 /* SelectBreedView.swift */ = {isa = PBXFileReference; lastKnownFileType = sourcecode.swift; path = SelectBreedView.swift; sourceTree = "<group>"; };
		06477AC62C4584C4006F4C79 /* SelectBreedCard.swift */ = {isa = PBXFileReference; lastKnownFileType = sourcecode.swift; path = SelectBreedCard.swift; sourceTree = "<group>"; };
		B4A4AA652C47683900F471E6 /* MedicalDocumentView.swift */ = {isa = PBXFileReference; fileEncoding = 4; lastKnownFileType = sourcecode.swift; path = MedicalDocumentView.swift; sourceTree = "<group>"; };
		B4A4AA6E2C476A8A00F471E6 /* Dog.swift */ = {isa = PBXFileReference; fileEncoding = 4; lastKnownFileType = sourcecode.swift; path = Dog.swift; sourceTree = "<group>"; };
		B4B5EE172C440D240035D40F /* ProfileView.swift */ = {isa = PBXFileReference; lastKnownFileType = sourcecode.swift; path = ProfileView.swift; sourceTree = "<group>"; };
		B4B5EE1B2C440FDE0035D40F /* DogsMateView.swift */ = {isa = PBXFileReference; lastKnownFileType = sourcecode.swift; path = DogsMateView.swift; sourceTree = "<group>"; };
		B4B5EE1D2C440FEF0035D40F /* ForYouView.swift */ = {isa = PBXFileReference; lastKnownFileType = sourcecode.swift; path = ForYouView.swift; sourceTree = "<group>"; };
		B4D297202C40DDD80075B940 /* MC3.app */ = {isa = PBXFileReference; explicitFileType = wrapper.application; includeInIndex = 0; path = MC3.app; sourceTree = BUILT_PRODUCTS_DIR; };
		B4D297232C40DDD80075B940 /* MC3App.swift */ = {isa = PBXFileReference; lastKnownFileType = sourcecode.swift; path = MC3App.swift; sourceTree = "<group>"; };
		B4D297252C40DDD80075B940 /* ContentView.swift */ = {isa = PBXFileReference; lastKnownFileType = sourcecode.swift; path = ContentView.swift; sourceTree = "<group>"; };
		B4D297272C40DDD80075B940 /* Item.swift */ = {isa = PBXFileReference; lastKnownFileType = sourcecode.swift; path = Item.swift; sourceTree = "<group>"; };
		B4D297292C40DDD90075B940 /* Assets.xcassets */ = {isa = PBXFileReference; lastKnownFileType = folder.assetcatalog; path = Assets.xcassets; sourceTree = "<group>"; };
		B4D2972C2C40DDD90075B940 /* Preview Assets.xcassets */ = {isa = PBXFileReference; lastKnownFileType = folder.assetcatalog; path = "Preview Assets.xcassets"; sourceTree = "<group>"; };
		B4DBEE772C460E25002C5231 /* MedicalView.swift */ = {isa = PBXFileReference; lastKnownFileType = sourcecode.swift; path = MedicalView.swift; sourceTree = "<group>"; };
		B4DBEE792C460E4D002C5231 /* AboutView.swift */ = {isa = PBXFileReference; lastKnownFileType = sourcecode.swift; path = AboutView.swift; sourceTree = "<group>"; };
		B4DBEE832C46509A002C5231 /* FlowLayout.swift */ = {isa = PBXFileReference; lastKnownFileType = sourcecode.swift; path = FlowLayout.swift; sourceTree = "<group>"; };
		B4DBEE862C465275002C5231 /* Personality.swift */ = {isa = PBXFileReference; lastKnownFileType = sourcecode.swift; path = Personality.swift; sourceTree = "<group>"; };
/* End PBXFileReference section */

/* Begin PBXFrameworksBuildPhase section */
		B4D2971D2C40DDD80075B940 /* Frameworks */ = {
			isa = PBXFrameworksBuildPhase;
			buildActionMask = 2147483647;
			files = (
			);
			runOnlyForDeploymentPostprocessing = 0;
		};
/* End PBXFrameworksBuildPhase section */

/* Begin PBXGroup section */
		06477AB92C4542E8006F4C79 /* Helper */ = {
			isa = PBXGroup;
			children = (
				06477ABA2C4542F5006F4C79 /* Color.swift */,
			);
			path = Helper;
			sourceTree = "<group>";
		};
		06477AC32C457FFF006F4C79 /* SelectBreed */ = {
			isa = PBXGroup;
			children = (
				06477AC42C458023006F4C79 /* SelectBreedView.swift */,
				06477AC62C4584C4006F4C79 /* SelectBreedCard.swift */,
			);
			path = SelectBreed;
			sourceTree = "<group>";
		};
		B4A4AA642C47681900F471E6 /* Recovered References */ = {
			isa = PBXGroup;
			children = (
				06477AC12C455CC4006F4C79 /* Dog.swift */,
			);
			name = "Recovered References";
			sourceTree = "<group>";
		};
		B4A4AA662C47683900F471E6 /* MedicalDocument */ = {
			isa = PBXGroup;
			children = (
				B4A4AA652C47683900F471E6 /* MedicalDocumentView.swift */,
			);
			path = MedicalDocument;
			sourceTree = "<group>";
		};
		B4B5EE152C440CBD0035D40F /* View */ = {
			isa = PBXGroup;
			children = (
				06477AC32C457FFF006F4C79 /* SelectBreed */,
				B4B5EE1A2C440FC00035D40F /* DogsMate */,
				B4B5EE192C440FBA0035D40F /* ForYou */,
				B4B5EE162C440D110035D40F /* Profile */,
			);
			path = View;
			sourceTree = "<group>";
		};
		B4B5EE162C440D110035D40F /* Profile */ = {
			isa = PBXGroup;
			children = (
				B4A4AA662C47683900F471E6 /* MedicalDocument */,
				B4DBEE762C460E12002C5231 /* Medical */,
				B4DBEE752C460E0E002C5231 /* About */,
				B4B5EE172C440D240035D40F /* ProfileView.swift */,
			);
			path = Profile;
			sourceTree = "<group>";
		};
		B4B5EE192C440FBA0035D40F /* ForYou */ = {
			isa = PBXGroup;
			children = (
				B4B5EE1D2C440FEF0035D40F /* ForYouView.swift */,
				06477ABE2C4548F6006F4C79 /* ForYouCard.swift */,
			);
			path = ForYou;
			sourceTree = "<group>";
		};
		B4B5EE1A2C440FC00035D40F /* DogsMate */ = {
			isa = PBXGroup;
			children = (
				B4B5EE1B2C440FDE0035D40F /* DogsMateView.swift */,
			);
			path = DogsMate;
			sourceTree = "<group>";
		};
		B4D297172C40DDD80075B940 = {
			isa = PBXGroup;
			children = (
				B4D297222C40DDD80075B940 /* MC3 */,
				B4D297212C40DDD80075B940 /* Products */,
				B4A4AA642C47681900F471E6 /* Recovered References */,
			);
			sourceTree = "<group>";
		};
		B4D297212C40DDD80075B940 /* Products */ = {
			isa = PBXGroup;
			children = (
				B4D297202C40DDD80075B940 /* MC3.app */,
			);
			name = Products;
			sourceTree = "<group>";
		};
		B4D297222C40DDD80075B940 /* MC3 */ = {
			isa = PBXGroup;
			children = (
				B4DBEE852C465265002C5231 /* Model */,
				B4DBEE7B2C460E6C002C5231 /* Components */,
				06477AB92C4542E8006F4C79 /* Helper */,
				B4B5EE152C440CBD0035D40F /* View */,
				B4D297232C40DDD80075B940 /* MC3App.swift */,
				B4D297252C40DDD80075B940 /* ContentView.swift */,
				B4D297272C40DDD80075B940 /* Item.swift */,
				B4D297292C40DDD90075B940 /* Assets.xcassets */,
				B4D2972B2C40DDD90075B940 /* Preview Content */,
			);
			path = MC3;
			sourceTree = "<group>";
		};
		B4D2972B2C40DDD90075B940 /* Preview Content */ = {
			isa = PBXGroup;
			children = (
				B4D2972C2C40DDD90075B940 /* Preview Assets.xcassets */,
			);
			path = "Preview Content";
			sourceTree = "<group>";
		};
		B4DBEE752C460E0E002C5231 /* About */ = {
			isa = PBXGroup;
			children = (
				B4DBEE792C460E4D002C5231 /* AboutView.swift */,
			);
			path = About;
			sourceTree = "<group>";
		};
		B4DBEE762C460E12002C5231 /* Medical */ = {
			isa = PBXGroup;
			children = (
				B4DBEE772C460E25002C5231 /* MedicalView.swift */,
			);
			path = Medical;
			sourceTree = "<group>";
		};
		B4DBEE7B2C460E6C002C5231 /* Components */ = {
			isa = PBXGroup;
			children = (
				B4DBEE832C46509A002C5231 /* FlowLayout.swift */,
			);
			path = Components;
			sourceTree = "<group>";
		};
		B4DBEE852C465265002C5231 /* Model */ = {
			isa = PBXGroup;
			children = (
				B4A4AA6E2C476A8A00F471E6 /* Dog.swift */,
				B4DBEE862C465275002C5231 /* Personality.swift */,
			);
			path = Model;
			sourceTree = "<group>";
		};
/* End PBXGroup section */

/* Begin PBXNativeTarget section */
		B4D2971F2C40DDD80075B940 /* MC3 */ = {
			isa = PBXNativeTarget;
			buildConfigurationList = B4D297302C40DDD90075B940 /* Build configuration list for PBXNativeTarget "MC3" */;
			buildPhases = (
				B4D2971C2C40DDD80075B940 /* Sources */,
				B4D2971D2C40DDD80075B940 /* Frameworks */,
				B4D2971E2C40DDD80075B940 /* Resources */,
			);
			buildRules = (
			);
			dependencies = (
			);
			name = MC3;
			productName = MC3;
			productReference = B4D297202C40DDD80075B940 /* MC3.app */;
			productType = "com.apple.product-type.application";
		};
/* End PBXNativeTarget section */

/* Begin PBXProject section */
		B4D297182C40DDD80075B940 /* Project object */ = {
			isa = PBXProject;
			attributes = {
				BuildIndependentTargetsInParallel = 1;
				LastSwiftUpdateCheck = 1540;
				LastUpgradeCheck = 1540;
				TargetAttributes = {
					B4D2971F2C40DDD80075B940 = {
						CreatedOnToolsVersion = 15.4;
					};
				};
			};
			buildConfigurationList = B4D2971B2C40DDD80075B940 /* Build configuration list for PBXProject "MC3" */;
			compatibilityVersion = "Xcode 14.0";
			developmentRegion = en;
			hasScannedForEncodings = 0;
			knownRegions = (
				en,
				Base,
			);
			mainGroup = B4D297172C40DDD80075B940;
			productRefGroup = B4D297212C40DDD80075B940 /* Products */;
			projectDirPath = "";
			projectRoot = "";
			targets = (
				B4D2971F2C40DDD80075B940 /* MC3 */,
			);
		};
/* End PBXProject section */

/* Begin PBXResourcesBuildPhase section */
		B4D2971E2C40DDD80075B940 /* Resources */ = {
			isa = PBXResourcesBuildPhase;
			buildActionMask = 2147483647;
			files = (
				B4D2972D2C40DDD90075B940 /* Preview Assets.xcassets in Resources */,
				B4D2972A2C40DDD90075B940 /* Assets.xcassets in Resources */,
			);
			runOnlyForDeploymentPostprocessing = 0;
		};
/* End PBXResourcesBuildPhase section */

/* Begin PBXSourcesBuildPhase section */
		B4D2971C2C40DDD80075B940 /* Sources */ = {
			isa = PBXSourcesBuildPhase;
			buildActionMask = 2147483647;
			files = (
				B4B5EE182C440D240035D40F /* ProfileView.swift in Sources */,
				06477ABF2C4548F6006F4C79 /* ForYouCard.swift in Sources */,
				06477AC52C458023006F4C79 /* SelectBreedView.swift in Sources */,
				B4D297262C40DDD80075B940 /* ContentView.swift in Sources */,
				B4B5EE1E2C440FEF0035D40F /* ForYouView.swift in Sources */,
				B4DBEE7A2C460E4D002C5231 /* AboutView.swift in Sources */,
				B4B5EE1C2C440FDE0035D40F /* DogsMateView.swift in Sources */,
				B4DBEE842C46509A002C5231 /* FlowLayout.swift in Sources */,
				B4D297282C40DDD80075B940 /* Item.swift in Sources */,
				B4DBEE782C460E25002C5231 /* MedicalView.swift in Sources */,
				B4DBEE872C465275002C5231 /* Personality.swift in Sources */,
				06477ABB2C4542F5006F4C79 /* Color.swift in Sources */,
				06477AC72C4584C4006F4C79 /* SelectBreedCard.swift in Sources */,
				B4A4AA672C47683900F471E6 /* MedicalDocumentView.swift in Sources */,
				B4A4AA6F2C476A8A00F471E6 /* Dog.swift in Sources */,
				B4D297242C40DDD80075B940 /* MC3App.swift in Sources */,
			);
			runOnlyForDeploymentPostprocessing = 0;
		};
/* End PBXSourcesBuildPhase section */

/* Begin XCBuildConfiguration section */
		B4D2972E2C40DDD90075B940 /* Debug */ = {
			isa = XCBuildConfiguration;
			buildSettings = {
				ALWAYS_SEARCH_USER_PATHS = NO;
				ASSETCATALOG_COMPILER_GENERATE_SWIFT_ASSET_SYMBOL_EXTENSIONS = YES;
				CLANG_ANALYZER_NONNULL = YES;
				CLANG_ANALYZER_NUMBER_OBJECT_CONVERSION = YES_AGGRESSIVE;
				CLANG_CXX_LANGUAGE_STANDARD = "gnu++20";
				CLANG_ENABLE_MODULES = YES;
				CLANG_ENABLE_OBJC_ARC = YES;
				CLANG_ENABLE_OBJC_WEAK = YES;
				CLANG_WARN_BLOCK_CAPTURE_AUTORELEASING = YES;
				CLANG_WARN_BOOL_CONVERSION = YES;
				CLANG_WARN_COMMA = YES;
				CLANG_WARN_CONSTANT_CONVERSION = YES;
				CLANG_WARN_DEPRECATED_OBJC_IMPLEMENTATIONS = YES;
				CLANG_WARN_DIRECT_OBJC_ISA_USAGE = YES_ERROR;
				CLANG_WARN_DOCUMENTATION_COMMENTS = YES;
				CLANG_WARN_EMPTY_BODY = YES;
				CLANG_WARN_ENUM_CONVERSION = YES;
				CLANG_WARN_INFINITE_RECURSION = YES;
				CLANG_WARN_INT_CONVERSION = YES;
				CLANG_WARN_NON_LITERAL_NULL_CONVERSION = YES;
				CLANG_WARN_OBJC_IMPLICIT_RETAIN_SELF = YES;
				CLANG_WARN_OBJC_LITERAL_CONVERSION = YES;
				CLANG_WARN_OBJC_ROOT_CLASS = YES_ERROR;
				CLANG_WARN_QUOTED_INCLUDE_IN_FRAMEWORK_HEADER = YES;
				CLANG_WARN_RANGE_LOOP_ANALYSIS = YES;
				CLANG_WARN_STRICT_PROTOTYPES = YES;
				CLANG_WARN_SUSPICIOUS_MOVE = YES;
				CLANG_WARN_UNGUARDED_AVAILABILITY = YES_AGGRESSIVE;
				CLANG_WARN_UNREACHABLE_CODE = YES;
				CLANG_WARN__DUPLICATE_METHOD_MATCH = YES;
				COPY_PHASE_STRIP = NO;
				DEBUG_INFORMATION_FORMAT = dwarf;
				ENABLE_STRICT_OBJC_MSGSEND = YES;
				ENABLE_TESTABILITY = YES;
				ENABLE_USER_SCRIPT_SANDBOXING = YES;
				GCC_C_LANGUAGE_STANDARD = gnu17;
				GCC_DYNAMIC_NO_PIC = NO;
				GCC_NO_COMMON_BLOCKS = YES;
				GCC_OPTIMIZATION_LEVEL = 0;
				GCC_PREPROCESSOR_DEFINITIONS = (
					"DEBUG=1",
					"$(inherited)",
				);
				GCC_WARN_64_TO_32_BIT_CONVERSION = YES;
				GCC_WARN_ABOUT_RETURN_TYPE = YES_ERROR;
				GCC_WARN_UNDECLARED_SELECTOR = YES;
				GCC_WARN_UNINITIALIZED_AUTOS = YES_AGGRESSIVE;
				GCC_WARN_UNUSED_FUNCTION = YES;
				GCC_WARN_UNUSED_VARIABLE = YES;
				IPHONEOS_DEPLOYMENT_TARGET = 17.5;
				LOCALIZATION_PREFERS_STRING_CATALOGS = YES;
				MTL_ENABLE_DEBUG_INFO = INCLUDE_SOURCE;
				MTL_FAST_MATH = YES;
				ONLY_ACTIVE_ARCH = YES;
				SDKROOT = iphoneos;
				SWIFT_ACTIVE_COMPILATION_CONDITIONS = "DEBUG $(inherited)";
				SWIFT_OPTIMIZATION_LEVEL = "-Onone";
			};
			name = Debug;
		};
		B4D2972F2C40DDD90075B940 /* Release */ = {
			isa = XCBuildConfiguration;
			buildSettings = {
				ALWAYS_SEARCH_USER_PATHS = NO;
				ASSETCATALOG_COMPILER_GENERATE_SWIFT_ASSET_SYMBOL_EXTENSIONS = YES;
				CLANG_ANALYZER_NONNULL = YES;
				CLANG_ANALYZER_NUMBER_OBJECT_CONVERSION = YES_AGGRESSIVE;
				CLANG_CXX_LANGUAGE_STANDARD = "gnu++20";
				CLANG_ENABLE_MODULES = YES;
				CLANG_ENABLE_OBJC_ARC = YES;
				CLANG_ENABLE_OBJC_WEAK = YES;
				CLANG_WARN_BLOCK_CAPTURE_AUTORELEASING = YES;
				CLANG_WARN_BOOL_CONVERSION = YES;
				CLANG_WARN_COMMA = YES;
				CLANG_WARN_CONSTANT_CONVERSION = YES;
				CLANG_WARN_DEPRECATED_OBJC_IMPLEMENTATIONS = YES;
				CLANG_WARN_DIRECT_OBJC_ISA_USAGE = YES_ERROR;
				CLANG_WARN_DOCUMENTATION_COMMENTS = YES;
				CLANG_WARN_EMPTY_BODY = YES;
				CLANG_WARN_ENUM_CONVERSION = YES;
				CLANG_WARN_INFINITE_RECURSION = YES;
				CLANG_WARN_INT_CONVERSION = YES;
				CLANG_WARN_NON_LITERAL_NULL_CONVERSION = YES;
				CLANG_WARN_OBJC_IMPLICIT_RETAIN_SELF = YES;
				CLANG_WARN_OBJC_LITERAL_CONVERSION = YES;
				CLANG_WARN_OBJC_ROOT_CLASS = YES_ERROR;
				CLANG_WARN_QUOTED_INCLUDE_IN_FRAMEWORK_HEADER = YES;
				CLANG_WARN_RANGE_LOOP_ANALYSIS = YES;
				CLANG_WARN_STRICT_PROTOTYPES = YES;
				CLANG_WARN_SUSPICIOUS_MOVE = YES;
				CLANG_WARN_UNGUARDED_AVAILABILITY = YES_AGGRESSIVE;
				CLANG_WARN_UNREACHABLE_CODE = YES;
				CLANG_WARN__DUPLICATE_METHOD_MATCH = YES;
				COPY_PHASE_STRIP = NO;
				DEBUG_INFORMATION_FORMAT = "dwarf-with-dsym";
				ENABLE_NS_ASSERTIONS = NO;
				ENABLE_STRICT_OBJC_MSGSEND = YES;
				ENABLE_USER_SCRIPT_SANDBOXING = YES;
				GCC_C_LANGUAGE_STANDARD = gnu17;
				GCC_NO_COMMON_BLOCKS = YES;
				GCC_WARN_64_TO_32_BIT_CONVERSION = YES;
				GCC_WARN_ABOUT_RETURN_TYPE = YES_ERROR;
				GCC_WARN_UNDECLARED_SELECTOR = YES;
				GCC_WARN_UNINITIALIZED_AUTOS = YES_AGGRESSIVE;
				GCC_WARN_UNUSED_FUNCTION = YES;
				GCC_WARN_UNUSED_VARIABLE = YES;
				IPHONEOS_DEPLOYMENT_TARGET = 17.5;
				LOCALIZATION_PREFERS_STRING_CATALOGS = YES;
				MTL_ENABLE_DEBUG_INFO = NO;
				MTL_FAST_MATH = YES;
				SDKROOT = iphoneos;
				SWIFT_COMPILATION_MODE = wholemodule;
				VALIDATE_PRODUCT = YES;
			};
			name = Release;
		};
		B4D297312C40DDD90075B940 /* Debug */ = {
			isa = XCBuildConfiguration;
			buildSettings = {
				ASSETCATALOG_COMPILER_APPICON_NAME = AppIcon;
				ASSETCATALOG_COMPILER_GLOBAL_ACCENT_COLOR_NAME = AccentColor;
				CODE_SIGN_STYLE = Automatic;
				CURRENT_PROJECT_VERSION = 1;
				DEVELOPMENT_ASSET_PATHS = "\"MC3/Preview Content\"";
				DEVELOPMENT_TEAM = S929UZL64F;
				ENABLE_PREVIEWS = YES;
				GENERATE_INFOPLIST_FILE = YES;
				INFOPLIST_KEY_UIApplicationSceneManifest_Generation = YES;
				INFOPLIST_KEY_UIApplicationSupportsIndirectInputEvents = YES;
				INFOPLIST_KEY_UILaunchScreen_Generation = YES;
				INFOPLIST_KEY_UISupportedInterfaceOrientations_iPad = "UIInterfaceOrientationPortrait UIInterfaceOrientationPortraitUpsideDown UIInterfaceOrientationLandscapeLeft UIInterfaceOrientationLandscapeRight";
				INFOPLIST_KEY_UISupportedInterfaceOrientations_iPhone = "UIInterfaceOrientationPortrait UIInterfaceOrientationLandscapeLeft UIInterfaceOrientationLandscapeRight";
				LD_RUNPATH_SEARCH_PATHS = (
					"$(inherited)",
					"@executable_path/Frameworks",
				);
				MARKETING_VERSION = 1.0;
				PRODUCT_BUNDLE_IDENTIFIER = com.daudhiyaa.MC3;
				PRODUCT_NAME = "$(TARGET_NAME)";
				SWIFT_EMIT_LOC_STRINGS = YES;
				SWIFT_VERSION = 5.0;
				TARGETED_DEVICE_FAMILY = "1,2";
			};
			name = Debug;
		};
		B4D297322C40DDD90075B940 /* Release */ = {
			isa = XCBuildConfiguration;
			buildSettings = {
				ASSETCATALOG_COMPILER_APPICON_NAME = AppIcon;
				ASSETCATALOG_COMPILER_GLOBAL_ACCENT_COLOR_NAME = AccentColor;
				CODE_SIGN_STYLE = Automatic;
				CURRENT_PROJECT_VERSION = 1;
				DEVELOPMENT_ASSET_PATHS = "\"MC3/Preview Content\"";
				DEVELOPMENT_TEAM = S929UZL64F;
				ENABLE_PREVIEWS = YES;
				GENERATE_INFOPLIST_FILE = YES;
				INFOPLIST_KEY_UIApplicationSceneManifest_Generation = YES;
				INFOPLIST_KEY_UIApplicationSupportsIndirectInputEvents = YES;
				INFOPLIST_KEY_UILaunchScreen_Generation = YES;
				INFOPLIST_KEY_UISupportedInterfaceOrientations_iPad = "UIInterfaceOrientationPortrait UIInterfaceOrientationPortraitUpsideDown UIInterfaceOrientationLandscapeLeft UIInterfaceOrientationLandscapeRight";
				INFOPLIST_KEY_UISupportedInterfaceOrientations_iPhone = "UIInterfaceOrientationPortrait UIInterfaceOrientationLandscapeLeft UIInterfaceOrientationLandscapeRight";
				LD_RUNPATH_SEARCH_PATHS = (
					"$(inherited)",
					"@executable_path/Frameworks",
				);
				MARKETING_VERSION = 1.0;
				PRODUCT_BUNDLE_IDENTIFIER = com.daudhiyaa.MC3;
				PRODUCT_NAME = "$(TARGET_NAME)";
				SWIFT_EMIT_LOC_STRINGS = YES;
				SWIFT_VERSION = 5.0;
				TARGETED_DEVICE_FAMILY = "1,2";
			};
			name = Release;
		};
/* End XCBuildConfiguration section */

/* Begin XCConfigurationList section */
		B4D2971B2C40DDD80075B940 /* Build configuration list for PBXProject "MC3" */ = {
			isa = XCConfigurationList;
			buildConfigurations = (
				B4D2972E2C40DDD90075B940 /* Debug */,
				B4D2972F2C40DDD90075B940 /* Release */,
			);
			defaultConfigurationIsVisible = 0;
			defaultConfigurationName = Release;
		};
		B4D297302C40DDD90075B940 /* Build configuration list for PBXNativeTarget "MC3" */ = {
			isa = XCConfigurationList;
			buildConfigurations = (
				B4D297312C40DDD90075B940 /* Debug */,
				B4D297322C40DDD90075B940 /* Release */,
			);
			defaultConfigurationIsVisible = 0;
			defaultConfigurationName = Release;
		};
/* End XCConfigurationList section */
	};
	rootObject = B4D297182C40DDD80075B940 /* Project object */;
}
