// !$*UTF8*$!
{
	archiveVersion = 1;
	classes = {
	};
	objectVersion = 56;
	objects = {

/* Begin PBXBuildFile section */
		06477ABB2C4542F5006F4C79 /* Color.swift in Sources */ = {isa = PBXBuildFile; fileRef = 06477ABA2C4542F5006F4C79 /* Color.swift */; };
		06477ABF2C4548F6006F4C79 /* ForYouCard.swift in Sources */ = {isa = PBXBuildFile; fileRef = 06477ABE2C4548F6006F4C79 /* ForYouCard.swift */; };
		06477AC52C458023006F4C79 /* SelectBreedView.swift in Sources */ = {isa = PBXBuildFile; fileRef = 06477AC42C458023006F4C79 /* SelectBreedView.swift */; };
		06477AC72C4584C4006F4C79 /* SelectBreedCard.swift in Sources */ = {isa = PBXBuildFile; fileRef = 06477AC62C4584C4006F4C79 /* SelectBreedCard.swift */; };
		0679CC522C475A8E00A3E9C9 /* FirebaseAppCheck in Frameworks */ = {isa = PBXBuildFile; productRef = 0679CC512C475A8E00A3E9C9 /* FirebaseAppCheck */; };
		0679CC542C475A8E00A3E9C9 /* FirebaseAppDistribution-Beta in Frameworks */ = {isa = PBXBuildFile; productRef = 0679CC532C475A8E00A3E9C9 /* FirebaseAppDistribution-Beta */; };
		0679CC562C475A8E00A3E9C9 /* FirebaseAuth in Frameworks */ = {isa = PBXBuildFile; productRef = 0679CC552C475A8E00A3E9C9 /* FirebaseAuth */; };
		0679CC582C475A8E00A3E9C9 /* FirebaseAuthCombine-Community in Frameworks */ = {isa = PBXBuildFile; productRef = 0679CC572C475A8E00A3E9C9 /* FirebaseAuthCombine-Community */; };
		0679CC5A2C475A8E00A3E9C9 /* FirebaseCrashlytics in Frameworks */ = {isa = PBXBuildFile; productRef = 0679CC592C475A8E00A3E9C9 /* FirebaseCrashlytics */; };
		0679CC5C2C475A8E00A3E9C9 /* FirebaseDatabase in Frameworks */ = {isa = PBXBuildFile; productRef = 0679CC5B2C475A8E00A3E9C9 /* FirebaseDatabase */; };
		0679CC5E2C475A8E00A3E9C9 /* FirebaseDatabaseSwift in Frameworks */ = {isa = PBXBuildFile; productRef = 0679CC5D2C475A8E00A3E9C9 /* FirebaseDatabaseSwift */; };
		0679CC602C475A8E00A3E9C9 /* FirebaseDynamicLinks in Frameworks */ = {isa = PBXBuildFile; productRef = 0679CC5F2C475A8E00A3E9C9 /* FirebaseDynamicLinks */; };
		0679CC622C475A8E00A3E9C9 /* FirebaseFirestore in Frameworks */ = {isa = PBXBuildFile; productRef = 0679CC612C475A8E00A3E9C9 /* FirebaseFirestore */; };
		0679CC642C475A8E00A3E9C9 /* FirebaseFirestoreCombine-Community in Frameworks */ = {isa = PBXBuildFile; productRef = 0679CC632C475A8E00A3E9C9 /* FirebaseFirestoreCombine-Community */; };
		0679CC662C475A8E00A3E9C9 /* FirebaseFirestoreSwift in Frameworks */ = {isa = PBXBuildFile; productRef = 0679CC652C475A8E00A3E9C9 /* FirebaseFirestoreSwift */; };
		0679CC682C475A8E00A3E9C9 /* FirebaseFunctions in Frameworks */ = {isa = PBXBuildFile; productRef = 0679CC672C475A8E00A3E9C9 /* FirebaseFunctions */; };
		0679CC6A2C475A8E00A3E9C9 /* FirebaseFunctionsCombine-Community in Frameworks */ = {isa = PBXBuildFile; productRef = 0679CC692C475A8E00A3E9C9 /* FirebaseFunctionsCombine-Community */; };
		0679CC6C2C475A8E00A3E9C9 /* FirebaseInAppMessaging-Beta in Frameworks */ = {isa = PBXBuildFile; productRef = 0679CC6B2C475A8E00A3E9C9 /* FirebaseInAppMessaging-Beta */; };
		0679CC6E2C475A8E00A3E9C9 /* FirebaseInAppMessagingSwift-Beta in Frameworks */ = {isa = PBXBuildFile; productRef = 0679CC6D2C475A8E00A3E9C9 /* FirebaseInAppMessagingSwift-Beta */; };
		0679CC702C475A8E00A3E9C9 /* FirebaseInstallations in Frameworks */ = {isa = PBXBuildFile; productRef = 0679CC6F2C475A8E00A3E9C9 /* FirebaseInstallations */; };
		0679CC722C475A8E00A3E9C9 /* FirebaseMLModelDownloader in Frameworks */ = {isa = PBXBuildFile; productRef = 0679CC712C475A8E00A3E9C9 /* FirebaseMLModelDownloader */; };
		0679CC742C475A8E00A3E9C9 /* FirebaseMessaging in Frameworks */ = {isa = PBXBuildFile; productRef = 0679CC732C475A8E00A3E9C9 /* FirebaseMessaging */; };
		0679CC762C475A8E00A3E9C9 /* FirebasePerformance in Frameworks */ = {isa = PBXBuildFile; productRef = 0679CC752C475A8E00A3E9C9 /* FirebasePerformance */; };
		0679CC782C475A8E00A3E9C9 /* FirebaseRemoteConfig in Frameworks */ = {isa = PBXBuildFile; productRef = 0679CC772C475A8E00A3E9C9 /* FirebaseRemoteConfig */; };
		0679CC7A2C475A8E00A3E9C9 /* FirebaseRemoteConfigSwift in Frameworks */ = {isa = PBXBuildFile; productRef = 0679CC792C475A8E00A3E9C9 /* FirebaseRemoteConfigSwift */; };
		0679CC7C2C475A8E00A3E9C9 /* FirebaseStorage in Frameworks */ = {isa = PBXBuildFile; productRef = 0679CC7B2C475A8E00A3E9C9 /* FirebaseStorage */; };
		0679CC7E2C475A8E00A3E9C9 /* FirebaseStorageCombine-Community in Frameworks */ = {isa = PBXBuildFile; productRef = 0679CC7D2C475A8E00A3E9C9 /* FirebaseStorageCombine-Community */; };
		0679CC802C475A8E00A3E9C9 /* FirebaseVertexAI-Preview in Frameworks */ = {isa = PBXBuildFile; productRef = 0679CC7F2C475A8E00A3E9C9 /* FirebaseVertexAI-Preview */; };
		0679CC842C47709D00A3E9C9 /* Dog.swift in Sources */ = {isa = PBXBuildFile; fileRef = B4A4AA6E2C476A8A00F471E6 /* Dog.swift */; };
		0679CC852C4770A000A3E9C9 /* MedicalDocumentView.swift in Sources */ = {isa = PBXBuildFile; fileRef = B4A4AA652C47683900F471E6 /* MedicalDocumentView.swift */; };
		0679CC892C477ECB00A3E9C9 /* DogViewModel.swift in Sources */ = {isa = PBXBuildFile; fileRef = 0679CC882C477ECB00A3E9C9 /* DogViewModel.swift */; };
		06A5412C2C47A67D00FCA154 /* GoogleService-Info.plist in Resources */ = {isa = PBXBuildFile; fileRef = 06A5412B2C47A67D00FCA154 /* GoogleService-Info.plist */; };
		B493C18C2C48BD0E00E8509B /* DummyDogData.swift in Sources */ = {isa = PBXBuildFile; fileRef = B493C18B2C48BD0E00E8509B /* DummyDogData.swift */; };
		B4B5EE182C440D240035D40F /* ProfileView.swift in Sources */ = {isa = PBXBuildFile; fileRef = B4B5EE172C440D240035D40F /* ProfileView.swift */; };
		B4B5EE1C2C440FDE0035D40F /* DogsMateView.swift in Sources */ = {isa = PBXBuildFile; fileRef = B4B5EE1B2C440FDE0035D40F /* DogsMateView.swift */; };
		B4B5EE1E2C440FEF0035D40F /* ForYouView.swift in Sources */ = {isa = PBXBuildFile; fileRef = B4B5EE1D2C440FEF0035D40F /* ForYouView.swift */; };
		B4D297242C40DDD80075B940 /* MC3App.swift in Sources */ = {isa = PBXBuildFile; fileRef = B4D297232C40DDD80075B940 /* MC3App.swift */; };
		B4D297262C40DDD80075B940 /* ContentView.swift in Sources */ = {isa = PBXBuildFile; fileRef = B4D297252C40DDD80075B940 /* ContentView.swift */; };
		B4D297282C40DDD80075B940 /* Item.swift in Sources */ = {isa = PBXBuildFile; fileRef = B4D297272C40DDD80075B940 /* Item.swift */; };
		B4D2972A2C40DDD90075B940 /* Assets.xcassets in Resources */ = {isa = PBXBuildFile; fileRef = B4D297292C40DDD90075B940 /* Assets.xcassets */; };
		B4D2972D2C40DDD90075B940 /* Preview Assets.xcassets in Resources */ = {isa = PBXBuildFile; fileRef = B4D2972C2C40DDD90075B940 /* Preview Assets.xcassets */; };
		DAA9993B2C48A94A00834022 /* OnBoardingView.swift in Sources */ = {isa = PBXBuildFile; fileRef = DAA9993A2C48A94A00834022 /* OnBoardingView.swift */; };
		B4DBEE782C460E25002C5231 /* MedicalView.swift in Sources */ = {isa = PBXBuildFile; fileRef = B4DBEE772C460E25002C5231 /* MedicalView.swift */; };
		B4DBEE7A2C460E4D002C5231 /* AboutView.swift in Sources */ = {isa = PBXBuildFile; fileRef = B4DBEE792C460E4D002C5231 /* AboutView.swift */; };
		B4DBEE842C46509A002C5231 /* FlowLayout.swift in Sources */ = {isa = PBXBuildFile; fileRef = B4DBEE832C46509A002C5231 /* FlowLayout.swift */; };
		B4DBEE872C465275002C5231 /* Personality.swift in Sources */ = {isa = PBXBuildFile; fileRef = B4DBEE862C465275002C5231 /* Personality.swift */; };
		D9871CCA2C4A1EA80082E8BE /* Decoder.swift in Sources */ = {isa = PBXBuildFile; fileRef = D9871CBD2C4A1EA80082E8BE /* Decoder.swift */; };
		D9871CCB2C4A1EA80082E8BE /* PhoneNumberView.swift in Sources */ = {isa = PBXBuildFile; fileRef = D9871CBE2C4A1EA80082E8BE /* PhoneNumberView.swift */; };
		D9871CCC2C4A1EA80082E8BE /* CPData.swift in Sources */ = {isa = PBXBuildFile; fileRef = D9871CBF2C4A1EA80082E8BE /* CPData.swift */; };
		D9871CCD2C4A1EA80082E8BE /* CustomSegmentedControl.swift in Sources */ = {isa = PBXBuildFile; fileRef = D9871CC02C4A1EA80082E8BE /* CustomSegmentedControl.swift */; };
		D9871CCE2C4A1EA80082E8BE /* CountryNumbers.json in Resources */ = {isa = PBXBuildFile; fileRef = D9871CC12C4A1EA80082E8BE /* CountryNumbers.json */; };
		D9871CD02C4A1EA80082E8BE /* DogsInformationView.swift in Sources */ = {isa = PBXBuildFile; fileRef = D9871CC32C4A1EA80082E8BE /* DogsInformationView.swift */; };
		D9871CD12C4A1EA80082E8BE /* SearchView.swift in Sources */ = {isa = PBXBuildFile; fileRef = D9871CC52C4A1EA80082E8BE /* SearchView.swift */; };
		D9871CD22C4A1EA80082E8BE /* LocationManager.swift in Sources */ = {isa = PBXBuildFile; fileRef = D9871CC62C4A1EA80082E8BE /* LocationManager.swift */; };
		D9871CD32C4A1EA80082E8BE /* PersonalityListView.swift in Sources */ = {isa = PBXBuildFile; fileRef = D9871CC72C4A1EA80082E8BE /* PersonalityListView.swift */; };
		D9871CD42C4A1EA80082E8BE /* CustomSegmentedPicker.swift in Sources */ = {isa = PBXBuildFile; fileRef = D9871CC82C4A1EA80082E8BE /* CustomSegmentedPicker.swift */; };
		D9871CD52C4A1EA80082E8BE /* DatePickerTextField.swift in Sources */ = {isa = PBXBuildFile; fileRef = D9871CC92C4A1EA80082E8BE /* DatePickerTextField.swift */; };
		D9871CD82C4A1EAE0082E8BE /* MedicalUploadDocumentView.swift in Sources */ = {isa = PBXBuildFile; fileRef = D9871CD72C4A1EAE0082E8BE /* MedicalUploadDocumentView.swift */; };
		D9871CDB2C4A1EC40082E8BE /* ImagePicker.swift in Sources */ = {isa = PBXBuildFile; fileRef = D9871CDA2C4A1EC40082E8BE /* ImagePicker.swift */; };
/* End PBXBuildFile section */

/* Begin PBXFileReference section */
		06477ABA2C4542F5006F4C79 /* Color.swift */ = {isa = PBXFileReference; lastKnownFileType = sourcecode.swift; path = Color.swift; sourceTree = "<group>"; };
		06477ABE2C4548F6006F4C79 /* ForYouCard.swift */ = {isa = PBXFileReference; lastKnownFileType = sourcecode.swift; path = ForYouCard.swift; sourceTree = "<group>"; };
		06477AC42C458023006F4C79 /* SelectBreedView.swift */ = {isa = PBXFileReference; lastKnownFileType = sourcecode.swift; path = SelectBreedView.swift; sourceTree = "<group>"; };
		06477AC62C4584C4006F4C79 /* SelectBreedCard.swift */ = {isa = PBXFileReference; lastKnownFileType = sourcecode.swift; path = SelectBreedCard.swift; sourceTree = "<group>"; };
		0679CC882C477ECB00A3E9C9 /* DogViewModel.swift */ = {isa = PBXFileReference; lastKnownFileType = sourcecode.swift; path = DogViewModel.swift; sourceTree = "<group>"; };
		06A5412B2C47A67D00FCA154 /* GoogleService-Info.plist */ = {isa = PBXFileReference; fileEncoding = 4; lastKnownFileType = text.plist.xml; path = "GoogleService-Info.plist"; sourceTree = "<group>"; };
		B493C18B2C48BD0E00E8509B /* DummyDogData.swift */ = {isa = PBXFileReference; lastKnownFileType = sourcecode.swift; path = DummyDogData.swift; sourceTree = "<group>"; };
		B4A4AA652C47683900F471E6 /* MedicalDocumentView.swift */ = {isa = PBXFileReference; fileEncoding = 4; lastKnownFileType = sourcecode.swift; path = MedicalDocumentView.swift; sourceTree = "<group>"; };
		B4A4AA6E2C476A8A00F471E6 /* Dog.swift */ = {isa = PBXFileReference; fileEncoding = 4; lastKnownFileType = sourcecode.swift; path = Dog.swift; sourceTree = "<group>"; };
		B4B5EE172C440D240035D40F /* ProfileView.swift */ = {isa = PBXFileReference; lastKnownFileType = sourcecode.swift; path = ProfileView.swift; sourceTree = "<group>"; };
		B4B5EE1B2C440FDE0035D40F /* DogsMateView.swift */ = {isa = PBXFileReference; lastKnownFileType = sourcecode.swift; path = DogsMateView.swift; sourceTree = "<group>"; };
		B4B5EE1D2C440FEF0035D40F /* ForYouView.swift */ = {isa = PBXFileReference; lastKnownFileType = sourcecode.swift; path = ForYouView.swift; sourceTree = "<group>"; };
		B4D297202C40DDD80075B940 /* MC3.app */ = {isa = PBXFileReference; explicitFileType = wrapper.application; includeInIndex = 0; path = MC3.app; sourceTree = BUILT_PRODUCTS_DIR; };
		B4D297232C40DDD80075B940 /* MC3App.swift */ = {isa = PBXFileReference; lastKnownFileType = sourcecode.swift; path = MC3App.swift; sourceTree = "<group>"; };
		B4D297252C40DDD80075B940 /* ContentView.swift */ = {isa = PBXFileReference; lastKnownFileType = sourcecode.swift; path = ContentView.swift; sourceTree = "<group>"; };
		B4D297272C40DDD80075B940 /* Item.swift */ = {isa = PBXFileReference; lastKnownFileType = sourcecode.swift; path = Item.swift; sourceTree = "<group>"; };
		B4D297292C40DDD90075B940 /* Assets.xcassets */ = {isa = PBXFileReference; lastKnownFileType = folder.assetcatalog; path = Assets.xcassets; sourceTree = "<group>"; };
		B4D2972C2C40DDD90075B940 /* Preview Assets.xcassets */ = {isa = PBXFileReference; lastKnownFileType = folder.assetcatalog; path = "Preview Assets.xcassets"; sourceTree = "<group>"; };
		DAA9993A2C48A94A00834022 /* OnBoardingView.swift */ = {isa = PBXFileReference; lastKnownFileType = sourcecode.swift; path = OnBoardingView.swift; sourceTree = "<group>"; };
		B4DBEE772C460E25002C5231 /* MedicalView.swift */ = {isa = PBXFileReference; lastKnownFileType = sourcecode.swift; path = MedicalView.swift; sourceTree = "<group>"; };
		B4DBEE792C460E4D002C5231 /* AboutView.swift */ = {isa = PBXFileReference; lastKnownFileType = sourcecode.swift; path = AboutView.swift; sourceTree = "<group>"; };
		B4DBEE832C46509A002C5231 /* FlowLayout.swift */ = {isa = PBXFileReference; lastKnownFileType = sourcecode.swift; path = FlowLayout.swift; sourceTree = "<group>"; };
		B4DBEE862C465275002C5231 /* Personality.swift */ = {isa = PBXFileReference; lastKnownFileType = sourcecode.swift; path = Personality.swift; sourceTree = "<group>"; };
		D9871CBD2C4A1EA80082E8BE /* Decoder.swift */ = {isa = PBXFileReference; fileEncoding = 4; lastKnownFileType = sourcecode.swift; path = Decoder.swift; sourceTree = "<group>"; };
		D9871CBE2C4A1EA80082E8BE /* PhoneNumberView.swift */ = {isa = PBXFileReference; fileEncoding = 4; lastKnownFileType = sourcecode.swift; path = PhoneNumberView.swift; sourceTree = "<group>"; };
		D9871CBF2C4A1EA80082E8BE /* CPData.swift */ = {isa = PBXFileReference; fileEncoding = 4; lastKnownFileType = sourcecode.swift; path = CPData.swift; sourceTree = "<group>"; };
		D9871CC02C4A1EA80082E8BE /* CustomSegmentedControl.swift */ = {isa = PBXFileReference; fileEncoding = 4; lastKnownFileType = sourcecode.swift; path = CustomSegmentedControl.swift; sourceTree = "<group>"; };
		D9871CC12C4A1EA80082E8BE /* CountryNumbers.json */ = {isa = PBXFileReference; fileEncoding = 4; lastKnownFileType = text.json; path = CountryNumbers.json; sourceTree = "<group>"; };
		D9871CC32C4A1EA80082E8BE /* DogsInformationView.swift */ = {isa = PBXFileReference; fileEncoding = 4; lastKnownFileType = sourcecode.swift; path = DogsInformationView.swift; sourceTree = "<group>"; };
		D9871CC52C4A1EA80082E8BE /* SearchView.swift */ = {isa = PBXFileReference; fileEncoding = 4; lastKnownFileType = sourcecode.swift; path = SearchView.swift; sourceTree = "<group>"; };
		D9871CC62C4A1EA80082E8BE /* LocationManager.swift */ = {isa = PBXFileReference; fileEncoding = 4; lastKnownFileType = sourcecode.swift; path = LocationManager.swift; sourceTree = "<group>"; };
		D9871CC72C4A1EA80082E8BE /* PersonalityListView.swift */ = {isa = PBXFileReference; fileEncoding = 4; lastKnownFileType = sourcecode.swift; path = PersonalityListView.swift; sourceTree = "<group>"; };
		D9871CC82C4A1EA80082E8BE /* CustomSegmentedPicker.swift */ = {isa = PBXFileReference; fileEncoding = 4; lastKnownFileType = sourcecode.swift; path = CustomSegmentedPicker.swift; sourceTree = "<group>"; };
		D9871CC92C4A1EA80082E8BE /* DatePickerTextField.swift */ = {isa = PBXFileReference; fileEncoding = 4; lastKnownFileType = sourcecode.swift; path = DatePickerTextField.swift; sourceTree = "<group>"; };
		D9871CD72C4A1EAE0082E8BE /* MedicalUploadDocumentView.swift */ = {isa = PBXFileReference; fileEncoding = 4; lastKnownFileType = sourcecode.swift; path = MedicalUploadDocumentView.swift; sourceTree = "<group>"; };
		D9871CDA2C4A1EC40082E8BE /* ImagePicker.swift */ = {isa = PBXFileReference; fileEncoding = 4; lastKnownFileType = sourcecode.swift; path = ImagePicker.swift; sourceTree = "<group>"; };
/* End PBXFileReference section */

/* Begin PBXFrameworksBuildPhase section */
		B4D2971D2C40DDD80075B940 /* Frameworks */ = {
			isa = PBXFrameworksBuildPhase;
			buildActionMask = 2147483647;
			files = (
				0679CC802C475A8E00A3E9C9 /* FirebaseVertexAI-Preview in Frameworks */,
				0679CC742C475A8E00A3E9C9 /* FirebaseMessaging in Frameworks */,
				0679CC722C475A8E00A3E9C9 /* FirebaseMLModelDownloader in Frameworks */,
				0679CC5E2C475A8E00A3E9C9 /* FirebaseDatabaseSwift in Frameworks */,
				0679CC7E2C475A8E00A3E9C9 /* FirebaseStorageCombine-Community in Frameworks */,
				0679CC7A2C475A8E00A3E9C9 /* FirebaseRemoteConfigSwift in Frameworks */,
				0679CC6C2C475A8E00A3E9C9 /* FirebaseInAppMessaging-Beta in Frameworks */,
				0679CC5C2C475A8E00A3E9C9 /* FirebaseDatabase in Frameworks */,
				0679CC522C475A8E00A3E9C9 /* FirebaseAppCheck in Frameworks */,
				0679CC682C475A8E00A3E9C9 /* FirebaseFunctions in Frameworks */,
				0679CC642C475A8E00A3E9C9 /* FirebaseFirestoreCombine-Community in Frameworks */,
				0679CC602C475A8E00A3E9C9 /* FirebaseDynamicLinks in Frameworks */,
				0679CC6E2C475A8E00A3E9C9 /* FirebaseInAppMessagingSwift-Beta in Frameworks */,
				0679CC662C475A8E00A3E9C9 /* FirebaseFirestoreSwift in Frameworks */,
				0679CC562C475A8E00A3E9C9 /* FirebaseAuth in Frameworks */,
				0679CC6A2C475A8E00A3E9C9 /* FirebaseFunctionsCombine-Community in Frameworks */,
				0679CC702C475A8E00A3E9C9 /* FirebaseInstallations in Frameworks */,
				0679CC762C475A8E00A3E9C9 /* FirebasePerformance in Frameworks */,
				0679CC622C475A8E00A3E9C9 /* FirebaseFirestore in Frameworks */,
				0679CC5A2C475A8E00A3E9C9 /* FirebaseCrashlytics in Frameworks */,
				0679CC542C475A8E00A3E9C9 /* FirebaseAppDistribution-Beta in Frameworks */,
				0679CC7C2C475A8E00A3E9C9 /* FirebaseStorage in Frameworks */,
				0679CC582C475A8E00A3E9C9 /* FirebaseAuthCombine-Community in Frameworks */,
				0679CC782C475A8E00A3E9C9 /* FirebaseRemoteConfig in Frameworks */,
			);
			runOnlyForDeploymentPostprocessing = 0;
		};
/* End PBXFrameworksBuildPhase section */

/* Begin PBXGroup section */
		06477AB92C4542E8006F4C79 /* Helper */ = {
			isa = PBXGroup;
			children = (
				06477ABA2C4542F5006F4C79 /* Color.swift */,
			);
			path = Helper;
			sourceTree = "<group>";
		};
		06477AC32C457FFF006F4C79 /* SelectBreed */ = {
			isa = PBXGroup;
			children = (
				06477AC42C458023006F4C79 /* SelectBreedView.swift */,
				06477AC62C4584C4006F4C79 /* SelectBreedCard.swift */,
			);
			path = SelectBreed;
			sourceTree = "<group>";
		};
		0679CC872C477EB800A3E9C9 /* ViewModel */ = {
			isa = PBXGroup;
			children = (
				0679CC882C477ECB00A3E9C9 /* DogViewModel.swift */,
			);
			path = ViewModel;
			sourceTree = "<group>";
		};
		B493C18A2C48BCFF00E8509B /* Data */ = {
			isa = PBXGroup;
			children = (
				D9871CC12C4A1EA80082E8BE /* CountryNumbers.json */,
				B493C18B2C48BD0E00E8509B /* DummyDogData.swift */,
			);
			path = Data;
			sourceTree = "<group>";
		};
		B4A4AA662C47683900F471E6 /* MedicalDocument */ = {
			isa = PBXGroup;
			children = (
				B4A4AA652C47683900F471E6 /* MedicalDocumentView.swift */,
			);
			path = MedicalDocument;
			sourceTree = "<group>";
		};
		B4B5EE152C440CBD0035D40F /* View */ = {
			isa = PBXGroup;
			children = (
				DAA999392C48A91C00834022 /* OnBoarding */,
				D9871CD62C4A1EAE0082E8BE /* MedicalUploadDocumentView */,
				D9871CBC2C4A1EA80082E8BE /* DogsInformation */,
				06477AC32C457FFF006F4C79 /* SelectBreed */,
				B4B5EE1A2C440FC00035D40F /* DogsMate */,
				B4B5EE192C440FBA0035D40F /* ForYou */,
				B4B5EE162C440D110035D40F /* Profile */,
			);
			path = View;
			sourceTree = "<group>";
		};
		B4B5EE162C440D110035D40F /* Profile */ = {
			isa = PBXGroup;
			children = (
				B4A4AA662C47683900F471E6 /* MedicalDocument */,
				B4DBEE762C460E12002C5231 /* Medical */,
				B4DBEE752C460E0E002C5231 /* About */,
				B4B5EE172C440D240035D40F /* ProfileView.swift */,
			);
			path = Profile;
			sourceTree = "<group>";
		};
		B4B5EE192C440FBA0035D40F /* ForYou */ = {
			isa = PBXGroup;
			children = (
				B4B5EE1D2C440FEF0035D40F /* ForYouView.swift */,
				06477ABE2C4548F6006F4C79 /* ForYouCard.swift */,
			);
			path = ForYou;
			sourceTree = "<group>";
		};
		B4B5EE1A2C440FC00035D40F /* DogsMate */ = {
			isa = PBXGroup;
			children = (
				B4B5EE1B2C440FDE0035D40F /* DogsMateView.swift */,
			);
			path = DogsMate;
			sourceTree = "<group>";
		};
		B4D297172C40DDD80075B940 = {
			isa = PBXGroup;
			children = (
				B4D297222C40DDD80075B940 /* MC3 */,
				B4D297212C40DDD80075B940 /* Products */,
			);
			sourceTree = "<group>";
		};
		B4D297212C40DDD80075B940 /* Products */ = {
			isa = PBXGroup;
			children = (
				B4D297202C40DDD80075B940 /* MC3.app */,
			);
			name = Products;
			sourceTree = "<group>";
		};
		B4D297222C40DDD80075B940 /* MC3 */ = {
			isa = PBXGroup;
			children = (
				B493C18A2C48BCFF00E8509B /* Data */,
				0679CC872C477EB800A3E9C9 /* ViewModel */,
				B4DBEE852C465265002C5231 /* Model */,
				B4DBEE7B2C460E6C002C5231 /* Components */,
				06477AB92C4542E8006F4C79 /* Helper */,
				D9871CD92C4A1EC40082E8BE /* Utils */,
				B4B5EE152C440CBD0035D40F /* View */,
				B4D297232C40DDD80075B940 /* MC3App.swift */,
				B4D297252C40DDD80075B940 /* ContentView.swift */,
				B4D297272C40DDD80075B940 /* Item.swift */,
				B4D297292C40DDD90075B940 /* Assets.xcassets */,
				06A5412B2C47A67D00FCA154 /* GoogleService-Info.plist */,
				B4D2972B2C40DDD90075B940 /* Preview Content */,
			);
			path = MC3;
			sourceTree = "<group>";
		};
		B4D2972B2C40DDD90075B940 /* Preview Content */ = {
			isa = PBXGroup;
			children = (
				B4D2972C2C40DDD90075B940 /* Preview Assets.xcassets */,
			);
			path = "Preview Content";
			sourceTree = "<group>";
		};
		DAA999392C48A91C00834022 /* OnBoarding */ = {
			isa = PBXGroup;
			children = (
				DAA9993A2C48A94A00834022 /* OnBoardingView.swift */,
			);
			path = OnBoarding;
			sourceTree = "<group>";
        };
		B4DBEE752C460E0E002C5231 /* About */ = {
			isa = PBXGroup;
			children = (
				B4DBEE792C460E4D002C5231 /* AboutView.swift */,
			);
			path = About;
			sourceTree = "<group>";
		};
		B4DBEE762C460E12002C5231 /* Medical */ = {
			isa = PBXGroup;
			children = (
				B4DBEE772C460E25002C5231 /* MedicalView.swift */,
			);
			path = Medical;
			sourceTree = "<group>";
		};
		B4DBEE7B2C460E6C002C5231 /* Components */ = {
			isa = PBXGroup;
			children = (
				D9871CC92C4A1EA80082E8BE /* DatePickerTextField.swift */,
				D9871CC82C4A1EA80082E8BE /* CustomSegmentedPicker.swift */,
				D9871CC02C4A1EA80082E8BE /* CustomSegmentedControl.swift */,
				B4DBEE832C46509A002C5231 /* FlowLayout.swift */,
			);
			path = Components;
			sourceTree = "<group>";
		};
		B4DBEE852C465265002C5231 /* Model */ = {
			isa = PBXGroup;
			children = (
				D9871CBF2C4A1EA80082E8BE /* CPData.swift */,
				B4A4AA6E2C476A8A00F471E6 /* Dog.swift */,
				B4DBEE862C465275002C5231 /* Personality.swift */,
			);
			path = Model;
			sourceTree = "<group>";
		};
		D9871CBC2C4A1EA80082E8BE /* DogsInformation */ = {
			isa = PBXGroup;
			children = (
				D9871CC42C4A1EA80082E8BE /* Map */,
				D9871CBE2C4A1EA80082E8BE /* PhoneNumberView.swift */,
				D9871CC32C4A1EA80082E8BE /* DogsInformationView.swift */,
				D9871CC72C4A1EA80082E8BE /* PersonalityListView.swift */,
			);
			path = DogsInformation;
			sourceTree = "<group>";
		};
		D9871CC42C4A1EA80082E8BE /* Map */ = {
			isa = PBXGroup;
			children = (
				D9871CC52C4A1EA80082E8BE /* SearchView.swift */,
				D9871CC62C4A1EA80082E8BE /* LocationManager.swift */,
			);
			path = Map;
			sourceTree = "<group>";
		};
		D9871CD62C4A1EAE0082E8BE /* MedicalUploadDocumentView */ = {
			isa = PBXGroup;
			children = (
				D9871CD72C4A1EAE0082E8BE /* MedicalUploadDocumentView.swift */,
			);
			name = MedicalUploadDocumentView;
			path = MC3/View/MedicalUploadDocumentView;
			sourceTree = SOURCE_ROOT;
		};
		D9871CD92C4A1EC40082E8BE /* Utils */ = {
			isa = PBXGroup;
			children = (
				D9871CBD2C4A1EA80082E8BE /* Decoder.swift */,
				D9871CDA2C4A1EC40082E8BE /* ImagePicker.swift */,
			);
			name = Utils;
			path = MC3/Utils;
			sourceTree = SOURCE_ROOT;
		};
/* End PBXGroup section */

/* Begin PBXNativeTarget section */
		B4D2971F2C40DDD80075B940 /* MC3 */ = {
			isa = PBXNativeTarget;
			buildConfigurationList = B4D297302C40DDD90075B940 /* Build configuration list for PBXNativeTarget "MC3" */;
			buildPhases = (
				B4D2971C2C40DDD80075B940 /* Sources */,
				B4D2971D2C40DDD80075B940 /* Frameworks */,
				B4D2971E2C40DDD80075B940 /* Resources */,
			);
			buildRules = (
			);
			dependencies = (
			);
			name = MC3;
			packageProductDependencies = (
				0679CC512C475A8E00A3E9C9 /* FirebaseAppCheck */,
				0679CC532C475A8E00A3E9C9 /* FirebaseAppDistribution-Beta */,
				0679CC552C475A8E00A3E9C9 /* FirebaseAuth */,
				0679CC572C475A8E00A3E9C9 /* FirebaseAuthCombine-Community */,
				0679CC592C475A8E00A3E9C9 /* FirebaseCrashlytics */,
				0679CC5B2C475A8E00A3E9C9 /* FirebaseDatabase */,
				0679CC5D2C475A8E00A3E9C9 /* FirebaseDatabaseSwift */,
				0679CC5F2C475A8E00A3E9C9 /* FirebaseDynamicLinks */,
				0679CC612C475A8E00A3E9C9 /* FirebaseFirestore */,
				0679CC632C475A8E00A3E9C9 /* FirebaseFirestoreCombine-Community */,
				0679CC652C475A8E00A3E9C9 /* FirebaseFirestoreSwift */,
				0679CC672C475A8E00A3E9C9 /* FirebaseFunctions */,
				0679CC692C475A8E00A3E9C9 /* FirebaseFunctionsCombine-Community */,
				0679CC6B2C475A8E00A3E9C9 /* FirebaseInAppMessaging-Beta */,
				0679CC6D2C475A8E00A3E9C9 /* FirebaseInAppMessagingSwift-Beta */,
				0679CC6F2C475A8E00A3E9C9 /* FirebaseInstallations */,
				0679CC712C475A8E00A3E9C9 /* FirebaseMLModelDownloader */,
				0679CC732C475A8E00A3E9C9 /* FirebaseMessaging */,
				0679CC752C475A8E00A3E9C9 /* FirebasePerformance */,
				0679CC772C475A8E00A3E9C9 /* FirebaseRemoteConfig */,
				0679CC792C475A8E00A3E9C9 /* FirebaseRemoteConfigSwift */,
				0679CC7B2C475A8E00A3E9C9 /* FirebaseStorage */,
				0679CC7D2C475A8E00A3E9C9 /* FirebaseStorageCombine-Community */,
				0679CC7F2C475A8E00A3E9C9 /* FirebaseVertexAI-Preview */,
			);
			productName = MC3;
			productReference = B4D297202C40DDD80075B940 /* MC3.app */;
			productType = "com.apple.product-type.application";
		};
/* End PBXNativeTarget section */

/* Begin PBXProject section */
		B4D297182C40DDD80075B940 /* Project object */ = {
			isa = PBXProject;
			attributes = {
				BuildIndependentTargetsInParallel = 1;
				LastSwiftUpdateCheck = 1540;
				LastUpgradeCheck = 1540;
				TargetAttributes = {
					B4D2971F2C40DDD80075B940 = {
						CreatedOnToolsVersion = 15.4;
					};
				};
			};
			buildConfigurationList = B4D2971B2C40DDD80075B940 /* Build configuration list for PBXProject "MC3" */;
			compatibilityVersion = "Xcode 14.0";
			developmentRegion = en;
			hasScannedForEncodings = 0;
			knownRegions = (
				en,
				Base,
			);
			mainGroup = B4D297172C40DDD80075B940;
			packageReferences = (
				0679CC502C475A8E00A3E9C9 /* XCRemoteSwiftPackageReference "firebase-ios-sdk" */,
			);
			productRefGroup = B4D297212C40DDD80075B940 /* Products */;
			projectDirPath = "";
			projectRoot = "";
			targets = (
				B4D2971F2C40DDD80075B940 /* MC3 */,
			);
		};
/* End PBXProject section */

/* Begin PBXResourcesBuildPhase section */
		B4D2971E2C40DDD80075B940 /* Resources */ = {
			isa = PBXResourcesBuildPhase;
			buildActionMask = 2147483647;
			files = (
				B4D2972D2C40DDD90075B940 /* Preview Assets.xcassets in Resources */,
				06A5412C2C47A67D00FCA154 /* GoogleService-Info.plist in Resources */,
				B4D2972A2C40DDD90075B940 /* Assets.xcassets in Resources */,
				D9871CCE2C4A1EA80082E8BE /* CountryNumbers.json in Resources */,
			);
			runOnlyForDeploymentPostprocessing = 0;
		};
/* End PBXResourcesBuildPhase section */

/* Begin PBXSourcesBuildPhase section */
		B4D2971C2C40DDD80075B940 /* Sources */ = {
			isa = PBXSourcesBuildPhase;
			buildActionMask = 2147483647;
			files = (
				0679CC852C4770A000A3E9C9 /* MedicalDocumentView.swift in Sources */,
				0679CC842C47709D00A3E9C9 /* Dog.swift in Sources */,
				D9871CD02C4A1EA80082E8BE /* DogsInformationView.swift in Sources */,
				B4B5EE182C440D240035D40F /* ProfileView.swift in Sources */,
				D9871CCA2C4A1EA80082E8BE /* Decoder.swift in Sources */,
				D9871CD32C4A1EA80082E8BE /* PersonalityListView.swift in Sources */,
				06477ABF2C4548F6006F4C79 /* ForYouCard.swift in Sources */,
				D9871CD82C4A1EAE0082E8BE /* MedicalUploadDocumentView.swift in Sources */,
				0679CC892C477ECB00A3E9C9 /* DogViewModel.swift in Sources */,
				D9871CCB2C4A1EA80082E8BE /* PhoneNumberView.swift in Sources */,
				D9871CCD2C4A1EA80082E8BE /* CustomSegmentedControl.swift in Sources */,
				D9871CD42C4A1EA80082E8BE /* CustomSegmentedPicker.swift in Sources */,
				06477AC52C458023006F4C79 /* SelectBreedView.swift in Sources */,
				B4D297262C40DDD80075B940 /* ContentView.swift in Sources */,
				D9871CD22C4A1EA80082E8BE /* LocationManager.swift in Sources */,
				B4B5EE1E2C440FEF0035D40F /* ForYouView.swift in Sources */,
				B4DBEE7A2C460E4D002C5231 /* AboutView.swift in Sources */,
				B4B5EE1C2C440FDE0035D40F /* DogsMateView.swift in Sources */,
				D9871CD12C4A1EA80082E8BE /* SearchView.swift in Sources */,
				B4DBEE842C46509A002C5231 /* FlowLayout.swift in Sources */,
				B4D297282C40DDD80075B940 /* Item.swift in Sources */,
				B4DBEE782C460E25002C5231 /* MedicalView.swift in Sources */,
				D9871CDB2C4A1EC40082E8BE /* ImagePicker.swift in Sources */,
				D9871CCC2C4A1EA80082E8BE /* CPData.swift in Sources */,
				B4DBEE872C465275002C5231 /* Personality.swift in Sources */,
				D9871CD52C4A1EA80082E8BE /* DatePickerTextField.swift in Sources */,
				06477ABB2C4542F5006F4C79 /* Color.swift in Sources */,
				06477AC72C4584C4006F4C79 /* SelectBreedCard.swift in Sources */,
				DAA9993B2C48A94A00834022 /* OnBoardingView.swift in Sources */,
				B493C18C2C48BD0E00E8509B /* DummyDogData.swift in Sources */,
				DAA9993B2C48A94A00834022 /* OnBoardingView.swift in Sources */,
			);
			runOnlyForDeploymentPostprocessing = 0;
		};
/* End PBXSourcesBuildPhase section */

/* Begin XCBuildConfiguration section */
		B4D2972E2C40DDD90075B940 /* Debug */ = {
			isa = XCBuildConfiguration;
			buildSettings = {
				ALWAYS_SEARCH_USER_PATHS = NO;
				ASSETCATALOG_COMPILER_GENERATE_SWIFT_ASSET_SYMBOL_EXTENSIONS = YES;
				CLANG_ANALYZER_NONNULL = YES;
				CLANG_ANALYZER_NUMBER_OBJECT_CONVERSION = YES_AGGRESSIVE;
				CLANG_CXX_LANGUAGE_STANDARD = "gnu++20";
				CLANG_ENABLE_MODULES = YES;
				CLANG_ENABLE_OBJC_ARC = YES;
				CLANG_ENABLE_OBJC_WEAK = YES;
				CLANG_WARN_BLOCK_CAPTURE_AUTORELEASING = YES;
				CLANG_WARN_BOOL_CONVERSION = YES;
				CLANG_WARN_COMMA = YES;
				CLANG_WARN_CONSTANT_CONVERSION = YES;
				CLANG_WARN_DEPRECATED_OBJC_IMPLEMENTATIONS = YES;
				CLANG_WARN_DIRECT_OBJC_ISA_USAGE = YES_ERROR;
				CLANG_WARN_DOCUMENTATION_COMMENTS = YES;
				CLANG_WARN_EMPTY_BODY = YES;
				CLANG_WARN_ENUM_CONVERSION = YES;
				CLANG_WARN_INFINITE_RECURSION = YES;
				CLANG_WARN_INT_CONVERSION = YES;
				CLANG_WARN_NON_LITERAL_NULL_CONVERSION = YES;
				CLANG_WARN_OBJC_IMPLICIT_RETAIN_SELF = YES;
				CLANG_WARN_OBJC_LITERAL_CONVERSION = YES;
				CLANG_WARN_OBJC_ROOT_CLASS = YES_ERROR;
				CLANG_WARN_QUOTED_INCLUDE_IN_FRAMEWORK_HEADER = YES;
				CLANG_WARN_RANGE_LOOP_ANALYSIS = YES;
				CLANG_WARN_STRICT_PROTOTYPES = YES;
				CLANG_WARN_SUSPICIOUS_MOVE = YES;
				CLANG_WARN_UNGUARDED_AVAILABILITY = YES_AGGRESSIVE;
				CLANG_WARN_UNREACHABLE_CODE = YES;
				CLANG_WARN__DUPLICATE_METHOD_MATCH = YES;
				COPY_PHASE_STRIP = NO;
				DEBUG_INFORMATION_FORMAT = dwarf;
				ENABLE_STRICT_OBJC_MSGSEND = YES;
				ENABLE_TESTABILITY = YES;
				ENABLE_USER_SCRIPT_SANDBOXING = YES;
				GCC_C_LANGUAGE_STANDARD = gnu17;
				GCC_DYNAMIC_NO_PIC = NO;
				GCC_NO_COMMON_BLOCKS = YES;
				GCC_OPTIMIZATION_LEVEL = 0;
				GCC_PREPROCESSOR_DEFINITIONS = (
					"DEBUG=1",
					"$(inherited)",
				);
				GCC_WARN_64_TO_32_BIT_CONVERSION = YES;
				GCC_WARN_ABOUT_RETURN_TYPE = YES_ERROR;
				GCC_WARN_UNDECLARED_SELECTOR = YES;
				GCC_WARN_UNINITIALIZED_AUTOS = YES_AGGRESSIVE;
				GCC_WARN_UNUSED_FUNCTION = YES;
				GCC_WARN_UNUSED_VARIABLE = YES;
				IPHONEOS_DEPLOYMENT_TARGET = 17.5;
				LOCALIZATION_PREFERS_STRING_CATALOGS = YES;
				MTL_ENABLE_DEBUG_INFO = INCLUDE_SOURCE;
				MTL_FAST_MATH = YES;
				ONLY_ACTIVE_ARCH = YES;
				SDKROOT = iphoneos;
				SWIFT_ACTIVE_COMPILATION_CONDITIONS = "DEBUG $(inherited)";
				SWIFT_OPTIMIZATION_LEVEL = "-Onone";
			};
			name = Debug;
		};
		B4D2972F2C40DDD90075B940 /* Release */ = {
			isa = XCBuildConfiguration;
			buildSettings = {
				ALWAYS_SEARCH_USER_PATHS = NO;
				ASSETCATALOG_COMPILER_GENERATE_SWIFT_ASSET_SYMBOL_EXTENSIONS = YES;
				CLANG_ANALYZER_NONNULL = YES;
				CLANG_ANALYZER_NUMBER_OBJECT_CONVERSION = YES_AGGRESSIVE;
				CLANG_CXX_LANGUAGE_STANDARD = "gnu++20";
				CLANG_ENABLE_MODULES = YES;
				CLANG_ENABLE_OBJC_ARC = YES;
				CLANG_ENABLE_OBJC_WEAK = YES;
				CLANG_WARN_BLOCK_CAPTURE_AUTORELEASING = YES;
				CLANG_WARN_BOOL_CONVERSION = YES;
				CLANG_WARN_COMMA = YES;
				CLANG_WARN_CONSTANT_CONVERSION = YES;
				CLANG_WARN_DEPRECATED_OBJC_IMPLEMENTATIONS = YES;
				CLANG_WARN_DIRECT_OBJC_ISA_USAGE = YES_ERROR;
				CLANG_WARN_DOCUMENTATION_COMMENTS = YES;
				CLANG_WARN_EMPTY_BODY = YES;
				CLANG_WARN_ENUM_CONVERSION = YES;
				CLANG_WARN_INFINITE_RECURSION = YES;
				CLANG_WARN_INT_CONVERSION = YES;
				CLANG_WARN_NON_LITERAL_NULL_CONVERSION = YES;
				CLANG_WARN_OBJC_IMPLICIT_RETAIN_SELF = YES;
				CLANG_WARN_OBJC_LITERAL_CONVERSION = YES;
				CLANG_WARN_OBJC_ROOT_CLASS = YES_ERROR;
				CLANG_WARN_QUOTED_INCLUDE_IN_FRAMEWORK_HEADER = YES;
				CLANG_WARN_RANGE_LOOP_ANALYSIS = YES;
				CLANG_WARN_STRICT_PROTOTYPES = YES;
				CLANG_WARN_SUSPICIOUS_MOVE = YES;
				CLANG_WARN_UNGUARDED_AVAILABILITY = YES_AGGRESSIVE;
				CLANG_WARN_UNREACHABLE_CODE = YES;
				CLANG_WARN__DUPLICATE_METHOD_MATCH = YES;
				COPY_PHASE_STRIP = NO;
				DEBUG_INFORMATION_FORMAT = "dwarf-with-dsym";
				ENABLE_NS_ASSERTIONS = NO;
				ENABLE_STRICT_OBJC_MSGSEND = YES;
				ENABLE_USER_SCRIPT_SANDBOXING = YES;
				GCC_C_LANGUAGE_STANDARD = gnu17;
				GCC_NO_COMMON_BLOCKS = YES;
				GCC_WARN_64_TO_32_BIT_CONVERSION = YES;
				GCC_WARN_ABOUT_RETURN_TYPE = YES_ERROR;
				GCC_WARN_UNDECLARED_SELECTOR = YES;
				GCC_WARN_UNINITIALIZED_AUTOS = YES_AGGRESSIVE;
				GCC_WARN_UNUSED_FUNCTION = YES;
				GCC_WARN_UNUSED_VARIABLE = YES;
				IPHONEOS_DEPLOYMENT_TARGET = 17.5;
				LOCALIZATION_PREFERS_STRING_CATALOGS = YES;
				MTL_ENABLE_DEBUG_INFO = NO;
				MTL_FAST_MATH = YES;
				SDKROOT = iphoneos;
				SWIFT_COMPILATION_MODE = wholemodule;
				VALIDATE_PRODUCT = YES;
			};
			name = Release;
		};
		B4D297312C40DDD90075B940 /* Debug */ = {
			isa = XCBuildConfiguration;
			buildSettings = {
				ASSETCATALOG_COMPILER_APPICON_NAME = AppIcon;
				ASSETCATALOG_COMPILER_GLOBAL_ACCENT_COLOR_NAME = AccentColor;
				CODE_SIGN_STYLE = Automatic;
				CURRENT_PROJECT_VERSION = 1;
				DEVELOPMENT_ASSET_PATHS = "\"MC3/Preview Content\"";
				DEVELOPMENT_TEAM = 7573MGT656;
				ENABLE_PREVIEWS = YES;
				GENERATE_INFOPLIST_FILE = YES;
				INFOPLIST_KEY_CFBundleDisplayName = DogMitch;
				INFOPLIST_KEY_NSLocationWhenInUseUsageDescription = "";
				INFOPLIST_KEY_NSPhotoLibraryUsageDescription = "This app upload photos to profile";
				INFOPLIST_KEY_UIApplicationSceneManifest_Generation = YES;
				INFOPLIST_KEY_UIApplicationSupportsIndirectInputEvents = YES;
				INFOPLIST_KEY_UILaunchScreen_Generation = YES;
				INFOPLIST_KEY_UISupportedInterfaceOrientations_iPad = "UIInterfaceOrientationPortrait UIInterfaceOrientationPortraitUpsideDown UIInterfaceOrientationLandscapeLeft UIInterfaceOrientationLandscapeRight";
				INFOPLIST_KEY_UISupportedInterfaceOrientations_iPhone = "UIInterfaceOrientationPortrait UIInterfaceOrientationLandscapeLeft UIInterfaceOrientationLandscapeRight";
				IPHONEOS_DEPLOYMENT_TARGET = 17.2;
				LD_RUNPATH_SEARCH_PATHS = (
					"$(inherited)",
					"@executable_path/Frameworks",
				);
				MARKETING_VERSION = 1.0;
				PRODUCT_BUNDLE_IDENTIFIER = com.daudhiyaa.DogMitch;
				PRODUCT_NAME = "$(TARGET_NAME)";
				SWIFT_EMIT_LOC_STRINGS = YES;
				SWIFT_VERSION = 5.0;
				TARGETED_DEVICE_FAMILY = "1,2";
			};
			name = Debug;
		};
		B4D297322C40DDD90075B940 /* Release */ = {
			isa = XCBuildConfiguration;
			buildSettings = {
				ASSETCATALOG_COMPILER_APPICON_NAME = AppIcon;
				ASSETCATALOG_COMPILER_GLOBAL_ACCENT_COLOR_NAME = AccentColor;
				CODE_SIGN_STYLE = Automatic;
				CURRENT_PROJECT_VERSION = 1;
				DEVELOPMENT_ASSET_PATHS = "\"MC3/Preview Content\"";
				DEVELOPMENT_TEAM = 7573MGT656;
				ENABLE_PREVIEWS = YES;
				GENERATE_INFOPLIST_FILE = YES;
				INFOPLIST_KEY_CFBundleDisplayName = DogMitch;
				INFOPLIST_KEY_NSLocationWhenInUseUsageDescription = "";
				INFOPLIST_KEY_NSPhotoLibraryUsageDescription = "This app upload photos to profile";
				INFOPLIST_KEY_UIApplicationSceneManifest_Generation = YES;
				INFOPLIST_KEY_UIApplicationSupportsIndirectInputEvents = YES;
				INFOPLIST_KEY_UILaunchScreen_Generation = YES;
				INFOPLIST_KEY_UISupportedInterfaceOrientations_iPad = "UIInterfaceOrientationPortrait UIInterfaceOrientationPortraitUpsideDown UIInterfaceOrientationLandscapeLeft UIInterfaceOrientationLandscapeRight";
				INFOPLIST_KEY_UISupportedInterfaceOrientations_iPhone = "UIInterfaceOrientationPortrait UIInterfaceOrientationLandscapeLeft UIInterfaceOrientationLandscapeRight";
				IPHONEOS_DEPLOYMENT_TARGET = 17.2;
				LD_RUNPATH_SEARCH_PATHS = (
					"$(inherited)",
					"@executable_path/Frameworks",
				);
				MARKETING_VERSION = 1.0;
				PRODUCT_BUNDLE_IDENTIFIER = com.daudhiyaa.DogMitch;
				PRODUCT_NAME = "$(TARGET_NAME)";
				SWIFT_EMIT_LOC_STRINGS = YES;
				SWIFT_VERSION = 5.0;
				TARGETED_DEVICE_FAMILY = "1,2";
			};
			name = Release;
		};
/* End XCBuildConfiguration section */

/* Begin XCConfigurationList section */
		B4D2971B2C40DDD80075B940 /* Build configuration list for PBXProject "MC3" */ = {
			isa = XCConfigurationList;
			buildConfigurations = (
				B4D2972E2C40DDD90075B940 /* Debug */,
				B4D2972F2C40DDD90075B940 /* Release */,
			);
			defaultConfigurationIsVisible = 0;
			defaultConfigurationName = Release;
		};
		B4D297302C40DDD90075B940 /* Build configuration list for PBXNativeTarget "MC3" */ = {
			isa = XCConfigurationList;
			buildConfigurations = (
				B4D297312C40DDD90075B940 /* Debug */,
				B4D297322C40DDD90075B940 /* Release */,
			);
			defaultConfigurationIsVisible = 0;
			defaultConfigurationName = Release;
		};
/* End XCConfigurationList section */

/* Begin XCRemoteSwiftPackageReference section */
		0679CC502C475A8E00A3E9C9 /* XCRemoteSwiftPackageReference "firebase-ios-sdk" */ = {
			isa = XCRemoteSwiftPackageReference;
			repositoryURL = "https://github.com/firebase/firebase-ios-sdk";
			requirement = {
				kind = versionRange;
				maximumVersion = 11.0.0;
				minimumVersion = 10.29.0;
			};
		};
/* End XCRemoteSwiftPackageReference section */

/* Begin XCSwiftPackageProductDependency section */
		0679CC512C475A8E00A3E9C9 /* FirebaseAppCheck */ = {
			isa = XCSwiftPackageProductDependency;
			package = 0679CC502C475A8E00A3E9C9 /* XCRemoteSwiftPackageReference "firebase-ios-sdk" */;
			productName = FirebaseAppCheck;
		};
		0679CC532C475A8E00A3E9C9 /* FirebaseAppDistribution-Beta */ = {
			isa = XCSwiftPackageProductDependency;
			package = 0679CC502C475A8E00A3E9C9 /* XCRemoteSwiftPackageReference "firebase-ios-sdk" */;
			productName = "FirebaseAppDistribution-Beta";
		};
		0679CC552C475A8E00A3E9C9 /* FirebaseAuth */ = {
			isa = XCSwiftPackageProductDependency;
			package = 0679CC502C475A8E00A3E9C9 /* XCRemoteSwiftPackageReference "firebase-ios-sdk" */;
			productName = FirebaseAuth;
		};
		0679CC572C475A8E00A3E9C9 /* FirebaseAuthCombine-Community */ = {
			isa = XCSwiftPackageProductDependency;
			package = 0679CC502C475A8E00A3E9C9 /* XCRemoteSwiftPackageReference "firebase-ios-sdk" */;
			productName = "FirebaseAuthCombine-Community";
		};
		0679CC592C475A8E00A3E9C9 /* FirebaseCrashlytics */ = {
			isa = XCSwiftPackageProductDependency;
			package = 0679CC502C475A8E00A3E9C9 /* XCRemoteSwiftPackageReference "firebase-ios-sdk" */;
			productName = FirebaseCrashlytics;
		};
		0679CC5B2C475A8E00A3E9C9 /* FirebaseDatabase */ = {
			isa = XCSwiftPackageProductDependency;
			package = 0679CC502C475A8E00A3E9C9 /* XCRemoteSwiftPackageReference "firebase-ios-sdk" */;
			productName = FirebaseDatabase;
		};
		0679CC5D2C475A8E00A3E9C9 /* FirebaseDatabaseSwift */ = {
			isa = XCSwiftPackageProductDependency;
			package = 0679CC502C475A8E00A3E9C9 /* XCRemoteSwiftPackageReference "firebase-ios-sdk" */;
			productName = FirebaseDatabaseSwift;
		};
		0679CC5F2C475A8E00A3E9C9 /* FirebaseDynamicLinks */ = {
			isa = XCSwiftPackageProductDependency;
			package = 0679CC502C475A8E00A3E9C9 /* XCRemoteSwiftPackageReference "firebase-ios-sdk" */;
			productName = FirebaseDynamicLinks;
		};
		0679CC612C475A8E00A3E9C9 /* FirebaseFirestore */ = {
			isa = XCSwiftPackageProductDependency;
			package = 0679CC502C475A8E00A3E9C9 /* XCRemoteSwiftPackageReference "firebase-ios-sdk" */;
			productName = FirebaseFirestore;
		};
		0679CC632C475A8E00A3E9C9 /* FirebaseFirestoreCombine-Community */ = {
			isa = XCSwiftPackageProductDependency;
			package = 0679CC502C475A8E00A3E9C9 /* XCRemoteSwiftPackageReference "firebase-ios-sdk" */;
			productName = "FirebaseFirestoreCombine-Community";
		};
		0679CC652C475A8E00A3E9C9 /* FirebaseFirestoreSwift */ = {
			isa = XCSwiftPackageProductDependency;
			package = 0679CC502C475A8E00A3E9C9 /* XCRemoteSwiftPackageReference "firebase-ios-sdk" */;
			productName = FirebaseFirestoreSwift;
		};
		0679CC672C475A8E00A3E9C9 /* FirebaseFunctions */ = {
			isa = XCSwiftPackageProductDependency;
			package = 0679CC502C475A8E00A3E9C9 /* XCRemoteSwiftPackageReference "firebase-ios-sdk" */;
			productName = FirebaseFunctions;
		};
		0679CC692C475A8E00A3E9C9 /* FirebaseFunctionsCombine-Community */ = {
			isa = XCSwiftPackageProductDependency;
			package = 0679CC502C475A8E00A3E9C9 /* XCRemoteSwiftPackageReference "firebase-ios-sdk" */;
			productName = "FirebaseFunctionsCombine-Community";
		};
		0679CC6B2C475A8E00A3E9C9 /* FirebaseInAppMessaging-Beta */ = {
			isa = XCSwiftPackageProductDependency;
			package = 0679CC502C475A8E00A3E9C9 /* XCRemoteSwiftPackageReference "firebase-ios-sdk" */;
			productName = "FirebaseInAppMessaging-Beta";
		};
		0679CC6D2C475A8E00A3E9C9 /* FirebaseInAppMessagingSwift-Beta */ = {
			isa = XCSwiftPackageProductDependency;
			package = 0679CC502C475A8E00A3E9C9 /* XCRemoteSwiftPackageReference "firebase-ios-sdk" */;
			productName = "FirebaseInAppMessagingSwift-Beta";
		};
		0679CC6F2C475A8E00A3E9C9 /* FirebaseInstallations */ = {
			isa = XCSwiftPackageProductDependency;
			package = 0679CC502C475A8E00A3E9C9 /* XCRemoteSwiftPackageReference "firebase-ios-sdk" */;
			productName = FirebaseInstallations;
		};
		0679CC712C475A8E00A3E9C9 /* FirebaseMLModelDownloader */ = {
			isa = XCSwiftPackageProductDependency;
			package = 0679CC502C475A8E00A3E9C9 /* XCRemoteSwiftPackageReference "firebase-ios-sdk" */;
			productName = FirebaseMLModelDownloader;
		};
		0679CC732C475A8E00A3E9C9 /* FirebaseMessaging */ = {
			isa = XCSwiftPackageProductDependency;
			package = 0679CC502C475A8E00A3E9C9 /* XCRemoteSwiftPackageReference "firebase-ios-sdk" */;
			productName = FirebaseMessaging;
		};
		0679CC752C475A8E00A3E9C9 /* FirebasePerformance */ = {
			isa = XCSwiftPackageProductDependency;
			package = 0679CC502C475A8E00A3E9C9 /* XCRemoteSwiftPackageReference "firebase-ios-sdk" */;
			productName = FirebasePerformance;
		};
		0679CC772C475A8E00A3E9C9 /* FirebaseRemoteConfig */ = {
			isa = XCSwiftPackageProductDependency;
			package = 0679CC502C475A8E00A3E9C9 /* XCRemoteSwiftPackageReference "firebase-ios-sdk" */;
			productName = FirebaseRemoteConfig;
		};
		0679CC792C475A8E00A3E9C9 /* FirebaseRemoteConfigSwift */ = {
			isa = XCSwiftPackageProductDependency;
			package = 0679CC502C475A8E00A3E9C9 /* XCRemoteSwiftPackageReference "firebase-ios-sdk" */;
			productName = FirebaseRemoteConfigSwift;
		};
		0679CC7B2C475A8E00A3E9C9 /* FirebaseStorage */ = {
			isa = XCSwiftPackageProductDependency;
			package = 0679CC502C475A8E00A3E9C9 /* XCRemoteSwiftPackageReference "firebase-ios-sdk" */;
			productName = FirebaseStorage;
		};
		0679CC7D2C475A8E00A3E9C9 /* FirebaseStorageCombine-Community */ = {
			isa = XCSwiftPackageProductDependency;
			package = 0679CC502C475A8E00A3E9C9 /* XCRemoteSwiftPackageReference "firebase-ios-sdk" */;
			productName = "FirebaseStorageCombine-Community";
		};
		0679CC7F2C475A8E00A3E9C9 /* FirebaseVertexAI-Preview */ = {
			isa = XCSwiftPackageProductDependency;
			package = 0679CC502C475A8E00A3E9C9 /* XCRemoteSwiftPackageReference "firebase-ios-sdk" */;
			productName = "FirebaseVertexAI-Preview";
		};
/* End XCSwiftPackageProductDependency section */
	};
	rootObject = B4D297182C40DDD80075B940 /* Project object */;
}
